# THIS IS AN AUTOGENERATED FILE. DO NOT EDIT THIS FILE DIRECTLY.
# yarn lockfile v1


basicscroll@^3.0.2:
  version "3.0.2"
  resolved "https://registry.yarnpkg.com/basicscroll/-/basicscroll-3.0.2.tgz#14af53ee743cb7de18d086fad9d785fc301e64bc"
  integrity sha512-xMSBINspbWYZ3tMCqjSxTWDKWPgvje2f2Ob+bGJ2qTOfinZzIsLbWOdwT7b1q0irtqp2eqzdqGMuqAFceM0muw==
  dependencies:
    eases "^1.0.8"
    parse-unit "^1.0.1"

eases@^1.0.8:
  version "1.0.8"
  resolved "https://registry.yarnpkg.com/eases/-/eases-1.0.8.tgz#f1f5069a6b6ed2ea510f9c6110398d63efe9aee6"
  integrity sha1-8fUGmmtu0upRD5xhEDmNY+/pruY=

parse-unit@^1.0.1:
  version "1.0.1"
  resolved "https://registry.yarnpkg.com/parse-unit/-/parse-unit-1.0.1.tgz#7e1bb6d5bef3874c28e392526a2541170291eecf"
  integrity sha1-fhu21b7zh0wo45JSaiVBFwKR7s8=
